
Microsoft Visual Studio Solution File, Format Version 12.00
# Visual Studio Version 17
VisualStudioVersion = 17.11.35327.3
MinimumVisualStudioVersion = 10.0.40219.1
Project("{FAE04EC0-301F-11D3-BF4B-00C04F79EFBC}") = "WPF Cricket team App", "WPF Cricket team App.csproj", "{EEB62212-2C27-4F35-A0AB-AA3F2C566DF3}"
EndProject
Global
	GlobalSection(SolutionConfigurationPlatforms) = preSolution
		Debug|Any CPU = Debug|Any CPU
		Release|Any CPU = Release|Any CPU
	EndGlobalSection
	GlobalSection(ProjectConfigurationPlatforms) = postSolution
		{EEB62212-2C27-4F35-A0AB-AA3F2C566DF3}.Debug|Any CPU.ActiveCfg = Debug|Any CPU
		{EEB62212-2C27-4F35-A0AB-AA3F2C566DF3}.Debug|Any CPU.Build.0 = Debug|Any CPU
		{EEB62212-2C27-4F35-A0AB-AA3F2C566DF3}.Release|Any CPU.ActiveCfg = Release|Any CPU
		{EEB62212-2C27-4F35-A0AB-AA3F2C566DF3}.Release|Any CPU.Build.0 = Release|Any CPU
	EndGlobalSection
	GlobalSection(SolutionProperties) = preSolution
		HideSolutionNode = FALSE
	EndGlobalSection
	GlobalSection(ExtensibilityGlobals) = postSolution
		SolutionGuid = {CD3CFAD0-A2A2-4C7B-8E28-8315A77B8A3F}
	EndGlobalSection
EndGlobal
